
Microsoft Visual Studio Solution File, Format Version 12.00
# Visual Studio 15
VisualStudioVersion = 15.0.26124.0
MinimumVisualStudioVersion = 15.0.26124.0
Project("{2150E333-8FDC-42A3-9474-1A3956D46DE8}") = "src", "src", "{F26976E5-DB75-456D-B906-980DBBB062FF}"
EndProject
Project("{FAE04EC0-301F-11D3-BF4B-00C04F79EFBC}") = "AdventureWorks.Application", "src\AdventureWorks.Application\AdventureWorks.Application.csproj", "{D80E01EC-6BA2-4303-8D22-B24C64212E5A}"
EndProject
Project("{FAE04EC0-301F-11D3-BF4B-00C04F79EFBC}") = "AdventureWorks.Infrastructure.Data.EF", "src\AdventureWorks.Infrastructure.Data.EF\AdventureWorks.Infrastructure.Data.EF.csproj", "{675F72CB-ABEE-4732-9667-171FD68D10B3}"
EndProject
Project("{FAE04EC0-301F-11D3-BF4B-00C04F79EFBC}") = "AdventureWorks.Infrastructure.Domain", "src\AdventureWorks.Infrastructure.Domain\AdventureWorks.Infrastructure.Domain.csproj", "{0A31FEC6-78C2-42E3-996A-69818E64528D}"
EndProject
Global
	GlobalSection(SolutionConfigurationPlatforms) = preSolution
		Debug|Any CPU = Debug|Any CPU
		Debug|x64 = Debug|x64
		Debug|x86 = Debug|x86
		Release|Any CPU = Release|Any CPU
		Release|x64 = Release|x64
		Release|x86 = Release|x86
	EndGlobalSection
	GlobalSection(SolutionProperties) = preSolution
		HideSolutionNode = FALSE
	EndGlobalSection
	GlobalSection(ProjectConfigurationPlatforms) = postSolution
		{D80E01EC-6BA2-4303-8D22-B24C64212E5A}.Debug|Any CPU.ActiveCfg = Debug|Any CPU
		{D80E01EC-6BA2-4303-8D22-B24C64212E5A}.Debug|Any CPU.Build.0 = Debug|Any CPU
		{D80E01EC-6BA2-4303-8D22-B24C64212E5A}.Debug|x64.ActiveCfg = Debug|x64
		{D80E01EC-6BA2-4303-8D22-B24C64212E5A}.Debug|x64.Build.0 = Debug|x64
		{D80E01EC-6BA2-4303-8D22-B24C64212E5A}.Debug|x86.ActiveCfg = Debug|x86
		{D80E01EC-6BA2-4303-8D22-B24C64212E5A}.Debug|x86.Build.0 = Debug|x86
		{D80E01EC-6BA2-4303-8D22-B24C64212E5A}.Release|Any CPU.ActiveCfg = Release|Any CPU
		{D80E01EC-6BA2-4303-8D22-B24C64212E5A}.Release|Any CPU.Build.0 = Release|Any CPU
		{D80E01EC-6BA2-4303-8D22-B24C64212E5A}.Release|x64.ActiveCfg = Release|x64
		{D80E01EC-6BA2-4303-8D22-B24C64212E5A}.Release|x64.Build.0 = Release|x64
		{D80E01EC-6BA2-4303-8D22-B24C64212E5A}.Release|x86.ActiveCfg = Release|x86
		{D80E01EC-6BA2-4303-8D22-B24C64212E5A}.Release|x86.Build.0 = Release|x86
		{675F72CB-ABEE-4732-9667-171FD68D10B3}.Debug|Any CPU.ActiveCfg = Debug|Any CPU
		{675F72CB-ABEE-4732-9667-171FD68D10B3}.Debug|Any CPU.Build.0 = Debug|Any CPU
		{675F72CB-ABEE-4732-9667-171FD68D10B3}.Debug|x64.ActiveCfg = Debug|x64
		{675F72CB-ABEE-4732-9667-171FD68D10B3}.Debug|x64.Build.0 = Debug|x64
		{675F72CB-ABEE-4732-9667-171FD68D10B3}.Debug|x86.ActiveCfg = Debug|x86
		{675F72CB-ABEE-4732-9667-171FD68D10B3}.Debug|x86.Build.0 = Debug|x86
		{675F72CB-ABEE-4732-9667-171FD68D10B3}.Release|Any CPU.ActiveCfg = Release|Any CPU
		{675F72CB-ABEE-4732-9667-171FD68D10B3}.Release|Any CPU.Build.0 = Release|Any CPU
		{675F72CB-ABEE-4732-9667-171FD68D10B3}.Release|x64.ActiveCfg = Release|x64
		{675F72CB-ABEE-4732-9667-171FD68D10B3}.Release|x64.Build.0 = Release|x64
		{675F72CB-ABEE-4732-9667-171FD68D10B3}.Release|x86.ActiveCfg = Release|x86
		{675F72CB-ABEE-4732-9667-171FD68D10B3}.Release|x86.Build.0 = Release|x86
		{0A31FEC6-78C2-42E3-996A-69818E64528D}.Debug|Any CPU.ActiveCfg = Debug|Any CPU
		{0A31FEC6-78C2-42E3-996A-69818E64528D}.Debug|Any CPU.Build.0 = Debug|Any CPU
		{0A31FEC6-78C2-42E3-996A-69818E64528D}.Debug|x64.ActiveCfg = Debug|x64
		{0A31FEC6-78C2-42E3-996A-69818E64528D}.Debug|x64.Build.0 = Debug|x64
		{0A31FEC6-78C2-42E3-996A-69818E64528D}.Debug|x86.ActiveCfg = Debug|x86
		{0A31FEC6-78C2-42E3-996A-69818E64528D}.Debug|x86.Build.0 = Debug|x86
		{0A31FEC6-78C2-42E3-996A-69818E64528D}.Release|Any CPU.ActiveCfg = Release|Any CPU
		{0A31FEC6-78C2-42E3-996A-69818E64528D}.Release|Any CPU.Build.0 = Release|Any CPU
		{0A31FEC6-78C2-42E3-996A-69818E64528D}.Release|x64.ActiveCfg = Release|x64
		{0A31FEC6-78C2-42E3-996A-69818E64528D}.Release|x64.Build.0 = Release|x64
		{0A31FEC6-78C2-42E3-996A-69818E64528D}.Release|x86.ActiveCfg = Release|x86
		{0A31FEC6-78C2-42E3-996A-69818E64528D}.Release|x86.Build.0 = Release|x86
	EndGlobalSection
	GlobalSection(NestedProjects) = preSolution
		{D80E01EC-6BA2-4303-8D22-B24C64212E5A} = {F26976E5-DB75-456D-B906-980DBBB062FF}
		{675F72CB-ABEE-4732-9667-171FD68D10B3} = {F26976E5-DB75-456D-B906-980DBBB062FF}
		{0A31FEC6-78C2-42E3-996A-69818E64528D} = {F26976E5-DB75-456D-B906-980DBBB062FF}
	EndGlobalSection
EndGlobal
